
Microsoft Visual Studio Solution File, Format Version 12.00
# Visual Studio 2013
VisualStudioVersion = 12.0.21005.1
MinimumVisualStudioVersion = 10.0.40219.1
Project("{FAE04EC0-301F-11D3-BF4B-00C04F79EFBC}") = "SolrNet", "SolrNet\SolrNet.csproj", "{4CC2F958-0FF0-421C-B18D-C58056ED1044}"
EndProject
Project("{FAE04EC0-301F-11D3-BF4B-00C04F79EFBC}") = "HttpWebAdapters", "HttpWebAdapters\HttpWebAdapters.csproj", "{AE7D2A46-3F67-4986-B04B-7DCE79A549A5}"
EndProject
Project("{FAE04EC0-301F-11D3-BF4B-00C04F79EFBC}") = "Castle.Facilities.SolrNetIntegration", "Castle.Facilities.SolrNetIntegration\Castle.Facilities.SolrNetIntegration.csproj", "{0F21F5B6-5986-4301-B0F7-FD9800DB8091}"
EndProject
Global
	GlobalSection(SolutionConfigurationPlatforms) = preSolution
		Debug|Any CPU = Debug|Any CPU
		Release|Any CPU = Release|Any CPU
	EndGlobalSection
	GlobalSection(ProjectConfigurationPlatforms) = postSolution
		{4CC2F958-0FF0-421C-B18D-C58056ED1044}.Debug|Any CPU.ActiveCfg = Debug|Any CPU
		{4CC2F958-0FF0-421C-B18D-C58056ED1044}.Debug|Any CPU.Build.0 = Debug|Any CPU
		{4CC2F958-0FF0-421C-B18D-C58056ED1044}.Release|Any CPU.ActiveCfg = Release|Any CPU
		{4CC2F958-0FF0-421C-B18D-C58056ED1044}.Release|Any CPU.Build.0 = Release|Any CPU
		{AE7D2A46-3F67-4986-B04B-7DCE79A549A5}.Debug|Any CPU.ActiveCfg = Debug|Any CPU
		{AE7D2A46-3F67-4986-B04B-7DCE79A549A5}.Debug|Any CPU.Build.0 = Debug|Any CPU
		{AE7D2A46-3F67-4986-B04B-7DCE79A549A5}.Release|Any CPU.ActiveCfg = Release|Any CPU
		{AE7D2A46-3F67-4986-B04B-7DCE79A549A5}.Release|Any CPU.Build.0 = Release|Any CPU
		{0F21F5B6-5986-4301-B0F7-FD9800DB8091}.Debug|Any CPU.ActiveCfg = Debug|Any CPU
		{0F21F5B6-5986-4301-B0F7-FD9800DB8091}.Debug|Any CPU.Build.0 = Debug|Any CPU
		{0F21F5B6-5986-4301-B0F7-FD9800DB8091}.Release|Any CPU.ActiveCfg = Release|Any CPU
		{0F21F5B6-5986-4301-B0F7-FD9800DB8091}.Release|Any CPU.Build.0 = Release|Any CPU
	EndGlobalSection
	GlobalSection(SolutionProperties) = preSolution
		HideSolutionNode = FALSE
	EndGlobalSection
EndGlobal
